
Microsoft Visual Studio Solution File, Format Version 12.00
# Visual Studio Version 17
VisualStudioVersion = 17.9.34622.214
MinimumVisualStudioVersion = 10.0.40219.1
Project("{FAE04EC0-301F-11D3-BF4B-00C04F79EFBC}") = "user_service_app", "user_service_app\user_service_app.csproj", "{BB6E3860-0268-4C14-8821-ED57A0E597EB}"
EndProject
Global
	GlobalSection(SolutionConfigurationPlatforms) = preSolution
		Debug|Any CPU = Debug|Any CPU
		Release|Any CPU = Release|Any CPU
	EndGlobalSection
	GlobalSection(ProjectConfigurationPlatforms) = postSolution
		{BB6E3860-0268-4C14-8821-ED57A0E597EB}.Debug|Any CPU.ActiveCfg = Debug|Any CPU
		{BB6E3860-0268-4C14-8821-ED57A0E597EB}.Debug|Any CPU.Build.0 = Debug|Any CPU
		{BB6E3860-0268-4C14-8821-ED57A0E597EB}.Release|Any CPU.ActiveCfg = Release|Any CPU
		{BB6E3860-0268-4C14-8821-ED57A0E597EB}.Release|Any CPU.Build.0 = Release|Any CPU
	EndGlobalSection
	GlobalSection(SolutionProperties) = preSolution
		HideSolutionNode = FALSE
	EndGlobalSection
	GlobalSection(ExtensibilityGlobals) = postSolution
		SolutionGuid = {77D6A583-0A09-4272-A6CC-457628545121}
	EndGlobalSection
EndGlobal
